// !$*UTF8*$!
{
	archiveVersion = 1;
	classes = {
	};
	objectVersion = 46;
	objects = {

/* Begin PBXBuildFile section */
		D334390AC5A5A27A2D79475B /* CPURegister.cpp in Sources */ = {isa = PBXBuildFile; fileRef = D33438275F8E50CB440A6875 /* CPURegister.cpp */; };
		D3343C7D9338CF194C90CFE2 /* SystemString.cpp in Sources */ = {isa = PBXBuildFile; fileRef = D3343A67B829E902F26DB812 /* SystemString.cpp */; };
		D3343E1224295D0CE40FCFDA /* main.cpp in Sources */ = {isa = PBXBuildFile; fileRef = D33435B68005F8843C9CC90A /* main.cpp */; };
/* End PBXBuildFile section */

/* Begin PBXCopyFilesBuildPhase section */
		F157712D198A97C2005DAB3E /* CopyFiles */ = {
			isa = PBXCopyFilesBuildPhase;
			buildActionMask = 2147483647;
			dstPath = /usr/share/man/man1/;
			dstSubfolderSpec = 0;
			files = (
			);
			runOnlyForDeploymentPostprocessing = 1;
		};
/* End PBXCopyFilesBuildPhase section */

/* Begin PBXFileReference section */
		D33433D5EE5026A887E71B2A /* SystemString.h */ = {isa = PBXFileReference; fileEncoding = 4; lastKnownFileType = sourcecode.c.h; path = SystemString.h; sourceTree = "<group>"; };
		D33435B68005F8843C9CC90A /* main.cpp */ = {isa = PBXFileReference; fileEncoding = 4; lastKnownFileType = sourcecode.cpp.cpp; path = main.cpp; sourceTree = "<group>"; };
		D334376D867758D7148B2968 /* CPURegister.h */ = {isa = PBXFileReference; fileEncoding = 4; lastKnownFileType = sourcecode.c.h; path = CPURegister.h; sourceTree = "<group>"; };
		D33438275F8E50CB440A6875 /* CPURegister.cpp */ = {isa = PBXFileReference; fileEncoding = 4; lastKnownFileType = sourcecode.cpp.cpp; path = CPURegister.cpp; sourceTree = "<group>"; };
		D3343A67B829E902F26DB812 /* SystemString.cpp */ = {isa = PBXFileReference; fileEncoding = 4; lastKnownFileType = sourcecode.cpp.cpp; path = SystemString.cpp; sourceTree = "<group>"; };
		D3343EB847053DA40DAF87DC /* TypeDef.h */ = {isa = PBXFileReference; fileEncoding = 4; lastKnownFileType = sourcecode.c.h; path = TypeDef.h; sourceTree = "<group>"; };
/* End PBXFileReference section */

/* Begin PBXFrameworksBuildPhase section */
		F157712C198A97C2005DAB3E /* Frameworks */ = {
			isa = PBXFrameworksBuildPhase;
			buildActionMask = 2147483647;
			files = (
			);
			runOnlyForDeploymentPostprocessing = 0;
		};
/* End PBXFrameworksBuildPhase section */

/* Begin PBXGroup section */
		D334311F1DDFDD17394D4306 /* Coding */ = {
			isa = PBXGroup;
			children = (
				D3343E04CFA517E4809FA6A1 /* TypeDef */,
			);
			path = Coding;
			sourceTree = "<group>";
		};
		D334314535D0ED4095EB0AF6 /* Arch */ = {
			isa = PBXGroup;
			children = (
				D334340D4FD0CA6A0242D4F9 /* Processor */,
			);
			path = Arch;
			sourceTree = "<group>";
		};
		D334340D4FD0CA6A0242D4F9 /* Processor */ = {
			isa = PBXGroup;
			children = (
				D33438275F8E50CB440A6875 /* CPURegister.cpp */,
				D334376D867758D7148B2968 /* CPURegister.h */,
			);
			path = Processor;
			sourceTree = "<group>";
		};
		D3343E04CFA517E4809FA6A1 /* TypeDef */ = {
			isa = PBXGroup;
			children = (
				D3343EB847053DA40DAF87DC /* TypeDef.h */,
			);
			path = TypeDef;
			sourceTree = "<group>";
		};
		D3343E31A77F464D6D91A1D9 /* Jit */ = {
			isa = PBXGroup;
			children = (
				D334314535D0ED4095EB0AF6 /* Arch */,
			);
			path = Jit;
			sourceTree = "<group>";
		};
		D3343E4FC7715FC423395A87 /* ExecutionEnvironment */ = {
			isa = PBXGroup;
			children = (
			);
			path = ExecutionEnvironment;
			sourceTree = "<group>";
		};
		D3343ED20D8A30A2EF69FE9B /* TypeSystem */ = {
			isa = PBXGroup;
			children = (
				D3343A67B829E902F26DB812 /* SystemString.cpp */,
				D33433D5EE5026A887E71B2A /* SystemString.h */,
			);
			path = TypeSystem;
			sourceTree = "<group>";
		};
		F1577126198A97C2005DAB3E = {
			isa = PBXGroup;
			children = (
				D33435B68005F8843C9CC90A /* main.cpp */,
				D3343E31A77F464D6D91A1D9 /* Jit */,
				D3343E4FC7715FC423395A87 /* ExecutionEnvironment */,
				D3343ED20D8A30A2EF69FE9B /* TypeSystem */,
				D334311F1DDFDD17394D4306 /* Coding */,
			);
			sourceTree = "<group>";
		};
/* End PBXGroup section */

/* Begin PBXNativeTarget section */
		F157712E198A97C2005DAB3E /* VerbOS */ = {
			isa = PBXNativeTarget;
			buildConfigurationList = F1577138198A97C2005DAB3E /* Build configuration list for PBXNativeTarget "VerbOS" */;
			buildPhases = (
				F157712B198A97C2005DAB3E /* Sources */,
				F157712C198A97C2005DAB3E /* Frameworks */,
				F157712D198A97C2005DAB3E /* CopyFiles */,
			);
			buildRules = (
			);
			dependencies = (
			);
			name = VerbOS;
			productName = VerbOS;
			productType = "com.apple.product-type.tool";
		};
/* End PBXNativeTarget section */

/* Begin PBXProject section */
		F1577127198A97C2005DAB3E /* Project object */ = {
			isa = PBXProject;
			attributes = {
				LastUpgradeCheck = 0510;
				ORGANIZATIONNAME = "Reuben Kuhnert";
			};
			buildConfigurationList = F157712A198A97C2005DAB3E /* Build configuration list for PBXProject "VerbOS" */;
			compatibilityVersion = "Xcode 3.2";
			developmentRegion = English;
			hasScannedForEncodings = 0;
			knownRegions = (
				en,
			);
			mainGroup = F1577126198A97C2005DAB3E;
			projectDirPath = "";
			projectRoot = "";
			targets = (
				F157712E198A97C2005DAB3E /* VerbOS */,
			);
		};
/* End PBXProject section */

/* Begin PBXSourcesBuildPhase section */
		F157712B198A97C2005DAB3E /* Sources */ = {
			isa = PBXSourcesBuildPhase;
			buildActionMask = 2147483647;
			files = (
				D3343E1224295D0CE40FCFDA /* main.cpp in Sources */,
				D334390AC5A5A27A2D79475B /* CPURegister.cpp in Sources */,
				D3343C7D9338CF194C90CFE2 /* SystemString.cpp in Sources */,
			);
			runOnlyForDeploymentPostprocessing = 0;
		};
/* End PBXSourcesBuildPhase section */

/* Begin XCBuildConfiguration section */
		F1577136198A97C2005DAB3E /* Debug */ = {
			isa = XCBuildConfiguration;
			buildSettings = {
				ALWAYS_SEARCH_USER_PATHS = NO;
				CLANG_CXX_LANGUAGE_STANDARD = "gnu++0x";
				CLANG_CXX_LIBRARY = "libc++";
				CLANG_ENABLE_MODULES = YES;
				CLANG_ENABLE_OBJC_ARC = YES;
				CLANG_WARN_BOOL_CONVERSION = YES;
				CLANG_WARN_CONSTANT_CONVERSION = YES;
				CLANG_WARN_DIRECT_OBJC_ISA_USAGE = YES_ERROR;
				CLANG_WARN_EMPTY_BODY = YES;
				CLANG_WARN_ENUM_CONVERSION = YES;
				CLANG_WARN_INT_CONVERSION = YES;
				CLANG_WARN_OBJC_ROOT_CLASS = YES_ERROR;
				CLANG_WARN__DUPLICATE_METHOD_MATCH = YES;
				COPY_PHASE_STRIP = NO;
				GCC_C_LANGUAGE_STANDARD = gnu99;
				GCC_DYNAMIC_NO_PIC = NO;
				GCC_ENABLE_OBJC_EXCEPTIONS = YES;
				GCC_OPTIMIZATION_LEVEL = 0;
				GCC_PREPROCESSOR_DEFINITIONS = (
					"DEBUG=1",
					"$(inherited)",
				);
				GCC_SYMBOLS_PRIVATE_EXTERN = NO;
				GCC_WARN_64_TO_32_BIT_CONVERSION = YES;
				GCC_WARN_ABOUT_RETURN_TYPE = YES_ERROR;
				GCC_WARN_UNDECLARED_SELECTOR = YES;
				GCC_WARN_UNINITIALIZED_AUTOS = YES_AGGRESSIVE;
				GCC_WARN_UNUSED_FUNCTION = YES;
				GCC_WARN_UNUSED_VARIABLE = YES;
				MACOSX_DEPLOYMENT_TARGET = 10.10;
				ONLY_ACTIVE_ARCH = YES;
				SDKROOT = macosx;
			};
			name = Debug;
		};
		F1577137198A97C2005DAB3E /* Release */ = {
			isa = XCBuildConfiguration;
			buildSettings = {
				ALWAYS_SEARCH_USER_PATHS = NO;
				CLANG_CXX_LANGUAGE_STANDARD = "gnu++0x";
				CLANG_CXX_LIBRARY = "libc++";
				CLANG_ENABLE_MODULES = YES;
				CLANG_ENABLE_OBJC_ARC = YES;
				CLANG_WARN_BOOL_CONVERSION = YES;
				CLANG_WARN_CONSTANT_CONVERSION = YES;
				CLANG_WARN_DIRECT_OBJC_ISA_USAGE = YES_ERROR;
				CLANG_WARN_EMPTY_BODY = YES;
				CLANG_WARN_ENUM_CONVERSION = YES;
				CLANG_WARN_INT_CONVERSION = YES;
				CLANG_WARN_OBJC_ROOT_CLASS = YES_ERROR;
				CLANG_WARN__DUPLICATE_METHOD_MATCH = YES;
				COPY_PHASE_STRIP = YES;
				DEBUG_INFORMATION_FORMAT = "dwarf-with-dsym";
				ENABLE_NS_ASSERTIONS = NO;
				GCC_C_LANGUAGE_STANDARD = gnu99;
				GCC_ENABLE_OBJC_EXCEPTIONS = YES;
				GCC_WARN_64_TO_32_BIT_CONVERSION = YES;
				GCC_WARN_ABOUT_RETURN_TYPE = YES_ERROR;
				GCC_WARN_UNDECLARED_SELECTOR = YES;
				GCC_WARN_UNINITIALIZED_AUTOS = YES_AGGRESSIVE;
				GCC_WARN_UNUSED_FUNCTION = YES;
				GCC_WARN_UNUSED_VARIABLE = YES;
				MACOSX_DEPLOYMENT_TARGET = 10.10;
				SDKROOT = macosx;
			};
			name = Release;
		};
		F1577139198A97C2005DAB3E /* Debug */ = {
			isa = XCBuildConfiguration;
			buildSettings = {
				PRODUCT_NAME = "$(TARGET_NAME)";
			};
			name = Debug;
		};
		F157713A198A97C2005DAB3E /* Release */ = {
			isa = XCBuildConfiguration;
			buildSettings = {
				PRODUCT_NAME = "$(TARGET_NAME)";
			};
			name = Release;
		};
/* End XCBuildConfiguration section */

/* Begin XCConfigurationList section */
		F157712A198A97C2005DAB3E /* Build configuration list for PBXProject "VerbOS" */ = {
			isa = XCConfigurationList;
			buildConfigurations = (
				F1577136198A97C2005DAB3E /* Debug */,
				F1577137198A97C2005DAB3E /* Release */,
			);
			defaultConfigurationIsVisible = 0;
			defaultConfigurationName = Release;
		};
		F1577138198A97C2005DAB3E /* Build configuration list for PBXNativeTarget "VerbOS" */ = {
			isa = XCConfigurationList;
			buildConfigurations = (
				F1577139198A97C2005DAB3E /* Debug */,
				F157713A198A97C2005DAB3E /* Release */,
			);
			defaultConfigurationIsVisible = 0;
		};
/* End XCConfigurationList section */
	};
	rootObject = F1577127198A97C2005DAB3E /* Project object */;
}
