// !$*UTF8*$!
{
	archiveVersion = 1;
	classes = {
	};
	objectVersion = 46;
	objects = {

/* Begin PBXBuildFile section */
		D334301A8DD15AD54626400A /* ProcessorPushOpCode.cpp in Sources */ = {isa = PBXBuildFile; fileRef = D3343CA30B13D1392E1289FC /* ProcessorPushOpCode.cpp */; };
		D334303757454829B7D53C05 /* ProcessorLabelOpCode.cpp in Sources */ = {isa = PBXBuildFile; fileRef = D334311A848C5D406B7E110F /* ProcessorLabelOpCode.cpp */; };
		D33430529474494BC555F1E1 /* DereferencedCpuRegister.cpp in Sources */ = {isa = PBXBuildFile; fileRef = D3343E2F0350985D75EA5B8A /* DereferencedCpuRegister.cpp */; };
		D33430C1A1D05FD86128B05D /* ProcessorReturnOpCode.cpp in Sources */ = {isa = PBXBuildFile; fileRef = D3343D8AA226DD9CE74185CA /* ProcessorReturnOpCode.cpp */; };
		D334316E4711F81779136FC1 /* ProcessorDecOpCode.cpp in Sources */ = {isa = PBXBuildFile; fileRef = D334394F8949BF2A30A572ED /* ProcessorDecOpCode.cpp */; };
		D33432DCA6DB9494FA6F627E /* ProcessorOpCodeBase.cpp in Sources */ = {isa = PBXBuildFile; fileRef = D3343EF507CDE080954A5DFB /* ProcessorOpCodeBase.cpp */; };
		D334347C2ABEFCBA047E0B83 /* JitRenderer.cpp in Sources */ = {isa = PBXBuildFile; fileRef = D334315994D7E8F6CF6FEB7E /* JitRenderer.cpp */; };
		D33434D9A27E5B23918A62A1 /* VirtualRegisterCheckout.cpp in Sources */ = {isa = PBXBuildFile; fileRef = D3343A6251D99C08A999FCEB /* VirtualRegisterCheckout.cpp */; };
		D334361E9A9548B42F55367A /* CpuRegister.cpp in Sources */ = {isa = PBXBuildFile; fileRef = D3343EA51CB967DF9BFABB90 /* CpuRegister.cpp */; };
		D334364239E9103E368E59B9 /* ProcessorRegToRegMovOp.cpp in Sources */ = {isa = PBXBuildFile; fileRef = D33433EF662085AE97DD67EC /* ProcessorRegToRegMovOp.cpp */; };
		D33436B105C80CD84D12954D /* ProcessorOpCodeOperand.cpp in Sources */ = {isa = PBXBuildFile; fileRef = D3343DCBCE333BE3760F9298 /* ProcessorOpCodeOperand.cpp */; };
		D33436D1504E962B4553AB16 /* SystemTypeInstance.cpp in Sources */ = {isa = PBXBuildFile; fileRef = D3343EAF3B0CBA32963CCFB5 /* SystemTypeInstance.cpp */; };
		D334379A67309214ECE7E1E0 /* VirtualRegisterBinding.cpp in Sources */ = {isa = PBXBuildFile; fileRef = D3343C689AB768802BBB9EAD /* VirtualRegisterBinding.cpp */; };
		D33437CF9E162359A9D9A567 /* ProcessorMovOpCode.cpp in Sources */ = {isa = PBXBuildFile; fileRef = D3343042A884F233C1B6FCD2 /* ProcessorMovOpCode.cpp */; };
		D334381F4F7506B4F3BAF7ED /* VirtualRegisterStage.cpp in Sources */ = {isa = PBXBuildFile; fileRef = D3343EC9918E6410AC99B6F9 /* VirtualRegisterStage.cpp */; };
		D33439BBB2C3C38E89B423C4 /* SystemTypeFieldDefinition.cpp in Sources */ = {isa = PBXBuildFile; fileRef = D3343FD8E78524CE7BF4FCDA /* SystemTypeFieldDefinition.cpp */; };
		D3343AC37132310029C715AD /* SystemType.cpp in Sources */ = {isa = PBXBuildFile; fileRef = D33431BD60DE6A158909902F /* SystemType.cpp */; };
		D3343BE99D813B8E55CD0D4E /* OsxRegisters.cpp in Sources */ = {isa = PBXBuildFile; fileRef = D3343A8524DDAF672FBC6189 /* OsxRegisters.cpp */; };
		D3343C7D9338CF194C90CFE2 /* SystemString.cpp in Sources */ = {isa = PBXBuildFile; fileRef = D3343A67B829E902F26DB812 /* SystemString.cpp */; };
		D3343CF426DA46519B1F69E5 /* ProcessorPopOpCode.cpp in Sources */ = {isa = PBXBuildFile; fileRef = D33433826CB6592F6E628C81 /* ProcessorPopOpCode.cpp */; };
		D3343E1224295D0CE40FCFDA /* main.cpp in Sources */ = {isa = PBXBuildFile; fileRef = D33435B68005F8843C9CC90A /* main.cpp */; };
		D3343EC1B335BEDBD23143D8 /* VirtualRegister.cpp in Sources */ = {isa = PBXBuildFile; fileRef = D3343BFE80A4EB9840BB90B2 /* VirtualRegister.cpp */; };
		D3343EC65BCE7355B9E5E833 /* ProcessorOpCodeSet.cpp in Sources */ = {isa = PBXBuildFile; fileRef = D3343CEF8568EF2D0527DDC6 /* ProcessorOpCodeSet.cpp */; };
		D3343FD9B765CF99F6572274 /* ProcessorIncOpCode.cpp in Sources */ = {isa = PBXBuildFile; fileRef = D334395660C5F321208D3753 /* ProcessorIncOpCode.cpp */; };
/* End PBXBuildFile section */

/* Begin PBXCopyFilesBuildPhase section */
		F157712D198A97C2005DAB3E /* CopyFiles */ = {
			isa = PBXCopyFilesBuildPhase;
			buildActionMask = 2147483647;
			dstPath = /usr/share/man/man1/;
			dstSubfolderSpec = 0;
			files = (
			);
			runOnlyForDeploymentPostprocessing = 1;
		};
/* End PBXCopyFilesBuildPhase section */

/* Begin PBXFileReference section */
		D3343042A884F233C1B6FCD2 /* ProcessorMovOpCode.cpp */ = {isa = PBXFileReference; fileEncoding = 4; lastKnownFileType = sourcecode.cpp.cpp; path = ProcessorMovOpCode.cpp; sourceTree = "<group>"; };
		D33430A918C425C28A95E4E6 /* CpuRegister.h */ = {isa = PBXFileReference; fileEncoding = 4; lastKnownFileType = sourcecode.c.h; path = CpuRegister.h; sourceTree = "<group>"; };
		D33430E31E04783877F7A386 /* ProcessorMovOpCode.h */ = {isa = PBXFileReference; fileEncoding = 4; lastKnownFileType = sourcecode.c.h; path = ProcessorMovOpCode.h; sourceTree = "<group>"; };
		D334311A848C5D406B7E110F /* ProcessorLabelOpCode.cpp */ = {isa = PBXFileReference; fileEncoding = 4; lastKnownFileType = sourcecode.cpp.cpp; path = ProcessorLabelOpCode.cpp; sourceTree = "<group>"; };
		D334315994D7E8F6CF6FEB7E /* JitRenderer.cpp */ = {isa = PBXFileReference; fileEncoding = 4; lastKnownFileType = sourcecode.cpp.cpp; path = JitRenderer.cpp; sourceTree = "<group>"; };
		D334315F242A32353F146605 /* ProcessorPopOpCode.h */ = {isa = PBXFileReference; fileEncoding = 4; lastKnownFileType = sourcecode.c.h; path = ProcessorPopOpCode.h; sourceTree = "<group>"; };
		D334317DF98B23653B2BF17A /* VirtualRegisterBinding.h */ = {isa = PBXFileReference; fileEncoding = 4; lastKnownFileType = sourcecode.c.h; path = VirtualRegisterBinding.h; sourceTree = "<group>"; };
		D33431BD60DE6A158909902F /* SystemType.cpp */ = {isa = PBXFileReference; fileEncoding = 4; lastKnownFileType = sourcecode.cpp.cpp; path = SystemType.cpp; sourceTree = "<group>"; };
		D33431D2D6DD53D5F9148247 /* ProcessorRegToRegMovOp.h */ = {isa = PBXFileReference; fileEncoding = 4; lastKnownFileType = sourcecode.c.h; path = ProcessorRegToRegMovOp.h; sourceTree = "<group>"; };
		D3343307F7629CB2891FBE2E /* VirtualRegister.h */ = {isa = PBXFileReference; fileEncoding = 4; lastKnownFileType = sourcecode.c.h; path = VirtualRegister.h; sourceTree = "<group>"; };
		D334330D30B498561DB59DAE /* VirtualRegisterStage.h */ = {isa = PBXFileReference; fileEncoding = 4; lastKnownFileType = sourcecode.c.h; path = VirtualRegisterStage.h; sourceTree = "<group>"; };
		D33433826CB6592F6E628C81 /* ProcessorPopOpCode.cpp */ = {isa = PBXFileReference; fileEncoding = 4; lastKnownFileType = sourcecode.cpp.cpp; path = ProcessorPopOpCode.cpp; sourceTree = "<group>"; };
		D33433D5EE5026A887E71B2A /* SystemString.h */ = {isa = PBXFileReference; fileEncoding = 4; lastKnownFileType = sourcecode.c.h; path = SystemString.h; sourceTree = "<group>"; };
		D33433EF662085AE97DD67EC /* ProcessorRegToRegMovOp.cpp */ = {isa = PBXFileReference; fileEncoding = 4; lastKnownFileType = sourcecode.cpp.cpp; path = ProcessorRegToRegMovOp.cpp; sourceTree = "<group>"; };
		D33435B68005F8843C9CC90A /* main.cpp */ = {isa = PBXFileReference; fileEncoding = 4; lastKnownFileType = sourcecode.cpp.cpp; path = main.cpp; sourceTree = "<group>"; };
		D33436751FECB9B39CD7FAA1 /* ProcessorOpCodeSet.h */ = {isa = PBXFileReference; fileEncoding = 4; lastKnownFileType = sourcecode.c.h; path = ProcessorOpCodeSet.h; sourceTree = "<group>"; };
		D3343682F1552F411AE6EDEA /* SystemType.h */ = {isa = PBXFileReference; fileEncoding = 4; lastKnownFileType = sourcecode.c.h; path = SystemType.h; sourceTree = "<group>"; };
		D334371EA842063A1432A8C5 /* JitRenderer.h */ = {isa = PBXFileReference; fileEncoding = 4; lastKnownFileType = sourcecode.c.h; path = JitRenderer.h; sourceTree = "<group>"; };
		D334377DE6399E2A9E1E25C4 /* ProcessorOpCodeOperand.h */ = {isa = PBXFileReference; fileEncoding = 4; lastKnownFileType = sourcecode.c.h; path = ProcessorOpCodeOperand.h; sourceTree = "<group>"; };
		D33437D95886E31E0EAF3011 /* OsxRegisters.h */ = {isa = PBXFileReference; fileEncoding = 4; lastKnownFileType = sourcecode.c.h; path = OsxRegisters.h; sourceTree = "<group>"; };
		D33437FF4E7CD0B01C7C5509 /* VirtualRegisterCheckout.h */ = {isa = PBXFileReference; fileEncoding = 4; lastKnownFileType = sourcecode.c.h; path = VirtualRegisterCheckout.h; sourceTree = "<group>"; };
		D33439348D90E2620ADC5A7F /* DereferencedCpuRegister.h */ = {isa = PBXFileReference; fileEncoding = 4; lastKnownFileType = sourcecode.c.h; path = DereferencedCpuRegister.h; sourceTree = "<group>"; };
		D334394F8949BF2A30A572ED /* ProcessorDecOpCode.cpp */ = {isa = PBXFileReference; fileEncoding = 4; lastKnownFileType = sourcecode.cpp.cpp; path = ProcessorDecOpCode.cpp; sourceTree = "<group>"; };
		D334395660C5F321208D3753 /* ProcessorIncOpCode.cpp */ = {isa = PBXFileReference; fileEncoding = 4; lastKnownFileType = sourcecode.cpp.cpp; path = ProcessorIncOpCode.cpp; sourceTree = "<group>"; };
		D33439894E6AA612F9261F97 /* ProcessorIncOpCode.h */ = {isa = PBXFileReference; fileEncoding = 4; lastKnownFileType = sourcecode.c.h; path = ProcessorIncOpCode.h; sourceTree = "<group>"; };
		D33439C6042B027928A16C97 /* SystemTypeInstance.h */ = {isa = PBXFileReference; fileEncoding = 4; lastKnownFileType = sourcecode.c.h; path = SystemTypeInstance.h; sourceTree = "<group>"; };
		D3343A6251D99C08A999FCEB /* VirtualRegisterCheckout.cpp */ = {isa = PBXFileReference; fileEncoding = 4; lastKnownFileType = sourcecode.cpp.cpp; path = VirtualRegisterCheckout.cpp; sourceTree = "<group>"; };
		D3343A67B829E902F26DB812 /* SystemString.cpp */ = {isa = PBXFileReference; fileEncoding = 4; lastKnownFileType = sourcecode.cpp.cpp; path = SystemString.cpp; sourceTree = "<group>"; };
		D3343A8524DDAF672FBC6189 /* OsxRegisters.cpp */ = {isa = PBXFileReference; fileEncoding = 4; lastKnownFileType = sourcecode.cpp.cpp; path = OsxRegisters.cpp; sourceTree = "<group>"; };
		D3343A98D1521E80CB778B6B /* ProcessorDecOpCode.h */ = {isa = PBXFileReference; fileEncoding = 4; lastKnownFileType = sourcecode.c.h; path = ProcessorDecOpCode.h; sourceTree = "<group>"; };
		D3343AA833908E8FE4FAFFEF /* ProcessorLabelOpCode.h */ = {isa = PBXFileReference; fileEncoding = 4; lastKnownFileType = sourcecode.c.h; path = ProcessorLabelOpCode.h; sourceTree = "<group>"; };
		D3343BFE80A4EB9840BB90B2 /* VirtualRegister.cpp */ = {isa = PBXFileReference; fileEncoding = 4; lastKnownFileType = sourcecode.cpp.cpp; path = VirtualRegister.cpp; sourceTree = "<group>"; };
		D3343C689AB768802BBB9EAD /* VirtualRegisterBinding.cpp */ = {isa = PBXFileReference; fileEncoding = 4; lastKnownFileType = sourcecode.cpp.cpp; path = VirtualRegisterBinding.cpp; sourceTree = "<group>"; };
		D3343CA30B13D1392E1289FC /* ProcessorPushOpCode.cpp */ = {isa = PBXFileReference; fileEncoding = 4; lastKnownFileType = sourcecode.cpp.cpp; path = ProcessorPushOpCode.cpp; sourceTree = "<group>"; };
		D3343CEF8568EF2D0527DDC6 /* ProcessorOpCodeSet.cpp */ = {isa = PBXFileReference; fileEncoding = 4; lastKnownFileType = sourcecode.cpp.cpp; path = ProcessorOpCodeSet.cpp; sourceTree = "<group>"; };
		D3343D8AA226DD9CE74185CA /* ProcessorReturnOpCode.cpp */ = {isa = PBXFileReference; fileEncoding = 4; lastKnownFileType = sourcecode.cpp.cpp; path = ProcessorReturnOpCode.cpp; sourceTree = "<group>"; };
		D3343DCBCE333BE3760F9298 /* ProcessorOpCodeOperand.cpp */ = {isa = PBXFileReference; fileEncoding = 4; lastKnownFileType = sourcecode.cpp.cpp; path = ProcessorOpCodeOperand.cpp; sourceTree = "<group>"; };
		D3343DDE4CFD4A19F61DCD7D /* SystemTypeFieldDefinition.h */ = {isa = PBXFileReference; fileEncoding = 4; lastKnownFileType = sourcecode.c.h; path = SystemTypeFieldDefinition.h; sourceTree = "<group>"; };
		D3343E2F0350985D75EA5B8A /* DereferencedCpuRegister.cpp */ = {isa = PBXFileReference; fileEncoding = 4; lastKnownFileType = sourcecode.cpp.cpp; path = DereferencedCpuRegister.cpp; sourceTree = "<group>"; };
		D3343E6DF3883AE1D773C9B0 /* ProcessorOpCodeBase.h */ = {isa = PBXFileReference; fileEncoding = 4; lastKnownFileType = sourcecode.c.h; path = ProcessorOpCodeBase.h; sourceTree = "<group>"; };
		D3343EA51CB967DF9BFABB90 /* CpuRegister.cpp */ = {isa = PBXFileReference; fileEncoding = 4; lastKnownFileType = sourcecode.cpp.cpp; path = CpuRegister.cpp; sourceTree = "<group>"; };
		D3343EAF3B0CBA32963CCFB5 /* SystemTypeInstance.cpp */ = {isa = PBXFileReference; fileEncoding = 4; lastKnownFileType = sourcecode.cpp.cpp; path = SystemTypeInstance.cpp; sourceTree = "<group>"; };
		D3343EB847053DA40DAF87DC /* TypeDef.h */ = {isa = PBXFileReference; fileEncoding = 4; lastKnownFileType = sourcecode.c.h; path = TypeDef.h; sourceTree = "<group>"; };
		D3343EC9918E6410AC99B6F9 /* VirtualRegisterStage.cpp */ = {isa = PBXFileReference; fileEncoding = 4; lastKnownFileType = sourcecode.cpp.cpp; path = VirtualRegisterStage.cpp; sourceTree = "<group>"; };
		D3343EE54EE6A775021502B0 /* ProcessorReturnOpCode.h */ = {isa = PBXFileReference; fileEncoding = 4; lastKnownFileType = sourcecode.c.h; path = ProcessorReturnOpCode.h; sourceTree = "<group>"; };
		D3343EF507CDE080954A5DFB /* ProcessorOpCodeBase.cpp */ = {isa = PBXFileReference; fileEncoding = 4; lastKnownFileType = sourcecode.cpp.cpp; path = ProcessorOpCodeBase.cpp; sourceTree = "<group>"; };
		D3343F266BF311C15794C0A1 /* ProcessorPushOpCode.h */ = {isa = PBXFileReference; fileEncoding = 4; lastKnownFileType = sourcecode.c.h; path = ProcessorPushOpCode.h; sourceTree = "<group>"; };
		D3343FD8E78524CE7BF4FCDA /* SystemTypeFieldDefinition.cpp */ = {isa = PBXFileReference; fileEncoding = 4; lastKnownFileType = sourcecode.cpp.cpp; path = SystemTypeFieldDefinition.cpp; sourceTree = "<group>"; };
/* End PBXFileReference section */

/* Begin PBXFrameworksBuildPhase section */
		F157712C198A97C2005DAB3E /* Frameworks */ = {
			isa = PBXFrameworksBuildPhase;
			buildActionMask = 2147483647;
			files = (
			);
			runOnlyForDeploymentPostprocessing = 0;
		};
/* End PBXFrameworksBuildPhase section */

/* Begin PBXGroup section */
		D334306D2331C012A19FE1D5 /* Base */ = {
			isa = PBXGroup;
			children = (
				D334388DF581F2944C86F696 /* ProcessorOpCodeBase */,
				D33436211CEE7C5F07FAD93C /* ProcessorOpCodeSet */,
			);
			path = Base;
			sourceTree = "<group>";
		};
		D334308031F1A94E66E947F2 /* JitRenderer */ = {
			isa = PBXGroup;
			children = (
				D334315994D7E8F6CF6FEB7E /* JitRenderer.cpp */,
				D334371EA842063A1432A8C5 /* JitRenderer.h */,
			);
			path = JitRenderer;
			sourceTree = "<group>";
		};
		D334311F1DDFDD17394D4306 /* Coding */ = {
			isa = PBXGroup;
			children = (
				D3343E04CFA517E4809FA6A1 /* TypeDef */,
			);
			path = Coding;
			sourceTree = "<group>";
		};
		D334314535D0ED4095EB0AF6 /* Arch */ = {
			isa = PBXGroup;
			children = (
				D334340D4FD0CA6A0242D4F9 /* Processor */,
				D33434F122883740843817A9 /* Architectures */,
			);
			path = Arch;
			sourceTree = "<group>";
		};
		D33431E901047231156D9AB2 /* SystemTypeFieldDefinition */ = {
			isa = PBXGroup;
			children = (
				D3343DDE4CFD4A19F61DCD7D /* SystemTypeFieldDefinition.h */,
				D3343FD8E78524CE7BF4FCDA /* SystemTypeFieldDefinition.cpp */,
			);
			path = SystemTypeFieldDefinition;
			sourceTree = "<group>";
		};
		D334328984267DF549FBFA8C /* TypePartDefinitions */ = {
			isa = PBXGroup;
			children = (
				D33431E901047231156D9AB2 /* SystemTypeFieldDefinition */,
			);
			path = TypePartDefinitions;
			sourceTree = "<group>";
		};
		D3343298E18DFD6C425B9A9F /* Binding */ = {
			isa = PBXGroup;
			children = (
				D3343C689AB768802BBB9EAD /* VirtualRegisterBinding.cpp */,
				D334317DF98B23653B2BF17A /* VirtualRegisterBinding.h */,
			);
			path = Binding;
			sourceTree = "<group>";
		};
		D33432D518FC420FF1329689 /* Pop */ = {
			isa = PBXGroup;
			children = (
				D33433826CB6592F6E628C81 /* ProcessorPopOpCode.cpp */,
				D334315F242A32353F146605 /* ProcessorPopOpCode.h */,
			);
			path = Pop;
			sourceTree = "<group>";
		};
		D33432F2F79727DCDEC31928 /* SystemTypeInstance */ = {
			isa = PBXGroup;
			children = (
				D3343EAF3B0CBA32963CCFB5 /* SystemTypeInstance.cpp */,
				D33439C6042B027928A16C97 /* SystemTypeInstance.h */,
			);
			path = SystemTypeInstance;
			sourceTree = "<group>";
		};
		D3343336985D6CFAA499D259 /* Push */ = {
			isa = PBXGroup;
			children = (
				D3343CA30B13D1392E1289FC /* ProcessorPushOpCode.cpp */,
				D3343F266BF311C15794C0A1 /* ProcessorPushOpCode.h */,
			);
			path = Push;
			sourceTree = "<group>";
		};
		D334340D4FD0CA6A0242D4F9 /* Processor */ = {
			isa = PBXGroup;
			children = (
				D3343C3252F35B4441256716 /* Registers */,
				D3343E36B25088647E8B0C1B /* OpCodes */,
				D33432D518FC420FF1329689 /* Pop */,
			);
			path = Processor;
			sourceTree = "<group>";
		};
		D33434CD5015E1BE70D33A1C /* Virtual */ = {
			isa = PBXGroup;
			children = (
				D334398489435D15CDA572FE /* VirutalRegister */,
				D3343298E18DFD6C425B9A9F /* Binding */,
				D3343B00385B8B1EB933A606 /* VirtualRegisterStage */,
				D334377E7A7B281151D36A5A /* VirtualRegisterCheckout */,
			);
			path = Virtual;
			sourceTree = "<group>";
		};
		D33434EA36EB6D70260B257A /* Memory */ = {
			isa = PBXGroup;
			children = (
				D334308031F1A94E66E947F2 /* JitRenderer */,
			);
			path = Memory;
			sourceTree = "<group>";
		};
		D33434F122883740843817A9 /* Architectures */ = {
			isa = PBXGroup;
			children = (
				D3343BC4C29F054FBB8BCF8E /* Osx64 */,
			);
			path = Architectures;
			sourceTree = "<group>";
		};
		D33436211CEE7C5F07FAD93C /* ProcessorOpCodeSet */ = {
			isa = PBXGroup;
			children = (
				D3343CEF8568EF2D0527DDC6 /* ProcessorOpCodeSet.cpp */,
				D33436751FECB9B39CD7FAA1 /* ProcessorOpCodeSet.h */,
			);
			path = ProcessorOpCodeSet;
			sourceTree = "<group>";
		};
		D33436D08D4BC18E9EFBFA72 /* Mov */ = {
			isa = PBXGroup;
			children = (
				D3343042A884F233C1B6FCD2 /* ProcessorMovOpCode.cpp */,
				D33430E31E04783877F7A386 /* ProcessorMovOpCode.h */,
				D33433EF662085AE97DD67EC /* ProcessorRegToRegMovOp.cpp */,
				D33431D2D6DD53D5F9148247 /* ProcessorRegToRegMovOp.h */,
			);
			path = Mov;
			sourceTree = "<group>";
		};
		D334377E7A7B281151D36A5A /* VirtualRegisterCheckout */ = {
			isa = PBXGroup;
			children = (
				D3343A6251D99C08A999FCEB /* VirtualRegisterCheckout.cpp */,
				D33437FF4E7CD0B01C7C5509 /* VirtualRegisterCheckout.h */,
			);
			path = VirtualRegisterCheckout;
			sourceTree = "<group>";
		};
		D334388DF581F2944C86F696 /* ProcessorOpCodeBase */ = {
			isa = PBXGroup;
			children = (
				D3343E6DF3883AE1D773C9B0 /* ProcessorOpCodeBase.h */,
				D3343EF507CDE080954A5DFB /* ProcessorOpCodeBase.cpp */,
			);
			path = ProcessorOpCodeBase;
			sourceTree = "<group>";
		};
		D334398489435D15CDA572FE /* VirutalRegister */ = {
			isa = PBXGroup;
			children = (
				D3343BFE80A4EB9840BB90B2 /* VirtualRegister.cpp */,
				D3343307F7629CB2891FBE2E /* VirtualRegister.h */,
			);
			path = VirutalRegister;
			sourceTree = "<group>";
		};
		D3343B00385B8B1EB933A606 /* VirtualRegisterStage */ = {
			isa = PBXGroup;
			children = (
				D3343EC9918E6410AC99B6F9 /* VirtualRegisterStage.cpp */,
				D334330D30B498561DB59DAE /* VirtualRegisterStage.h */,
			);
			path = VirtualRegisterStage;
			sourceTree = "<group>";
		};
		D3343BC4C29F054FBB8BCF8E /* Osx64 */ = {
			isa = PBXGroup;
			children = (
				D33437D95886E31E0EAF3011 /* OsxRegisters.h */,
				D3343A8524DDAF672FBC6189 /* OsxRegisters.cpp */,
			);
			path = Osx64;
			sourceTree = "<group>";
		};
		D3343BF07D387BE70A158234 /* Dec */ = {
			isa = PBXGroup;
			children = (
				D334394F8949BF2A30A572ED /* ProcessorDecOpCode.cpp */,
				D3343A98D1521E80CB778B6B /* ProcessorDecOpCode.h */,
			);
			path = Dec;
			sourceTree = "<group>";
		};
		D3343C3252F35B4441256716 /* Registers */ = {
			isa = PBXGroup;
			children = (
				D3343D5D00317433B0FCB0AD /* CpuRegister */,
				D3343C93C6DBDED89C46179F /* DereferencedCpuRegister */,
			);
			path = Registers;
			sourceTree = "<group>";
		};
		D3343C76BC062716903F594A /* Label */ = {
			isa = PBXGroup;
			children = (
				D334311A848C5D406B7E110F /* ProcessorLabelOpCode.cpp */,
				D3343AA833908E8FE4FAFFEF /* ProcessorLabelOpCode.h */,
			);
			path = Label;
			sourceTree = "<group>";
		};
		D3343C93C6DBDED89C46179F /* DereferencedCpuRegister */ = {
			isa = PBXGroup;
			children = (
				D3343E2F0350985D75EA5B8A /* DereferencedCpuRegister.cpp */,
				D33439348D90E2620ADC5A7F /* DereferencedCpuRegister.h */,
			);
			path = DereferencedCpuRegister;
			sourceTree = "<group>";
		};
		D3343D5D00317433B0FCB0AD /* CpuRegister */ = {
			isa = PBXGroup;
			children = (
				D3343EA51CB967DF9BFABB90 /* CpuRegister.cpp */,
				D33430A918C425C28A95E4E6 /* CpuRegister.h */,
			);
			path = CpuRegister;
			sourceTree = "<group>";
		};
		D3343DEDAF684FC31D24D77C /* Inc */ = {
			isa = PBXGroup;
			children = (
				D334395660C5F321208D3753 /* ProcessorIncOpCode.cpp */,
				D33439894E6AA612F9261F97 /* ProcessorIncOpCode.h */,
			);
			path = Inc;
			sourceTree = "<group>";
		};
		D3343E04CFA517E4809FA6A1 /* TypeDef */ = {
			isa = PBXGroup;
			children = (
				D3343EB847053DA40DAF87DC /* TypeDef.h */,
			);
			path = TypeDef;
			sourceTree = "<group>";
		};
		D3343E31A77F464D6D91A1D9 /* Jit */ = {
			isa = PBXGroup;
			children = (
				D334314535D0ED4095EB0AF6 /* Arch */,
				D33434EA36EB6D70260B257A /* Memory */,
				D33434CD5015E1BE70D33A1C /* Virtual */,
			);
			path = Jit;
			sourceTree = "<group>";
		};
		D3343E36B25088647E8B0C1B /* OpCodes */ = {
			isa = PBXGroup;
			children = (
				D3343C76BC062716903F594A /* Label */,
				D3343FB80F056665BC9A9AAD /* Return */,
				D334306D2331C012A19FE1D5 /* Base */,
				D33436D08D4BC18E9EFBFA72 /* Mov */,
				D3343F3DAEDF912713D8F771 /* Operand */,
				D3343DEDAF684FC31D24D77C /* Inc */,
				D3343BF07D387BE70A158234 /* Dec */,
				D3343336985D6CFAA499D259 /* Push */,
			);
			path = OpCodes;
			sourceTree = "<group>";
		};
		D3343E4FC7715FC423395A87 /* ExecutionEnvironment */ = {
			isa = PBXGroup;
			children = (
			);
			path = ExecutionEnvironment;
			sourceTree = "<group>";
		};
		D3343ED20D8A30A2EF69FE9B /* TypeSystem */ = {
			isa = PBXGroup;
			children = (
				D3343A67B829E902F26DB812 /* SystemString.cpp */,
				D33433D5EE5026A887E71B2A /* SystemString.h */,
				D33431BD60DE6A158909902F /* SystemType.cpp */,
				D3343682F1552F411AE6EDEA /* SystemType.h */,
				D334328984267DF549FBFA8C /* TypePartDefinitions */,
				D33432F2F79727DCDEC31928 /* SystemTypeInstance */,
			);
			path = TypeSystem;
			sourceTree = "<group>";
		};
		D3343F3DAEDF912713D8F771 /* Operand */ = {
			isa = PBXGroup;
			children = (
				D3343DCBCE333BE3760F9298 /* ProcessorOpCodeOperand.cpp */,
				D334377DE6399E2A9E1E25C4 /* ProcessorOpCodeOperand.h */,
			);
			path = Operand;
			sourceTree = "<group>";
		};
		D3343FB80F056665BC9A9AAD /* Return */ = {
			isa = PBXGroup;
			children = (
				D3343D8AA226DD9CE74185CA /* ProcessorReturnOpCode.cpp */,
				D3343EE54EE6A775021502B0 /* ProcessorReturnOpCode.h */,
			);
			path = Return;
			sourceTree = "<group>";
		};
		F1577126198A97C2005DAB3E = {
			isa = PBXGroup;
			children = (
				D33435B68005F8843C9CC90A /* main.cpp */,
				D3343E31A77F464D6D91A1D9 /* Jit */,
				D3343E4FC7715FC423395A87 /* ExecutionEnvironment */,
				D3343ED20D8A30A2EF69FE9B /* TypeSystem */,
				D334311F1DDFDD17394D4306 /* Coding */,
			);
			sourceTree = "<group>";
		};
/* End PBXGroup section */

/* Begin PBXNativeTarget section */
		F157712E198A97C2005DAB3E /* VerbOS */ = {
			isa = PBXNativeTarget;
			buildConfigurationList = F1577138198A97C2005DAB3E /* Build configuration list for PBXNativeTarget "VerbOS" */;
			buildPhases = (
				F157712B198A97C2005DAB3E /* Sources */,
				F157712C198A97C2005DAB3E /* Frameworks */,
				F157712D198A97C2005DAB3E /* CopyFiles */,
			);
			buildRules = (
			);
			dependencies = (
			);
			name = VerbOS;
			productName = VerbOS;
			productType = "com.apple.product-type.tool";
		};
/* End PBXNativeTarget section */

/* Begin PBXProject section */
		F1577127198A97C2005DAB3E /* Project object */ = {
			isa = PBXProject;
			attributes = {
				LastUpgradeCheck = 0510;
				ORGANIZATIONNAME = "Reuben Kuhnert";
			};
			buildConfigurationList = F157712A198A97C2005DAB3E /* Build configuration list for PBXProject "VerbOS" */;
			compatibilityVersion = "Xcode 3.2";
			developmentRegion = English;
			hasScannedForEncodings = 0;
			knownRegions = (
				en,
			);
			mainGroup = F1577126198A97C2005DAB3E;
			projectDirPath = "";
			projectRoot = "";
			targets = (
				F157712E198A97C2005DAB3E /* VerbOS */,
			);
		};
/* End PBXProject section */

/* Begin PBXSourcesBuildPhase section */
		F157712B198A97C2005DAB3E /* Sources */ = {
			isa = PBXSourcesBuildPhase;
			buildActionMask = 2147483647;
			files = (
				D3343E1224295D0CE40FCFDA /* main.cpp in Sources */,
				D3343C7D9338CF194C90CFE2 /* SystemString.cpp in Sources */,
				D3343AC37132310029C715AD /* SystemType.cpp in Sources */,
				D33436D1504E962B4553AB16 /* SystemTypeInstance.cpp in Sources */,
				D334303757454829B7D53C05 /* ProcessorLabelOpCode.cpp in Sources */,
				D33430C1A1D05FD86128B05D /* ProcessorReturnOpCode.cpp in Sources */,
				D334347C2ABEFCBA047E0B83 /* JitRenderer.cpp in Sources */,
				D33439BBB2C3C38E89B423C4 /* SystemTypeFieldDefinition.cpp in Sources */,
				D33437CF9E162359A9D9A567 /* ProcessorMovOpCode.cpp in Sources */,
				D33432DCA6DB9494FA6F627E /* ProcessorOpCodeBase.cpp in Sources */,
				D3343EC65BCE7355B9E5E833 /* ProcessorOpCodeSet.cpp in Sources */,
				D33436B105C80CD84D12954D /* ProcessorOpCodeOperand.cpp in Sources */,
				D334361E9A9548B42F55367A /* CpuRegister.cpp in Sources */,
				D33430529474494BC555F1E1 /* DereferencedCpuRegister.cpp in Sources */,
				D3343FD9B765CF99F6572274 /* ProcessorIncOpCode.cpp in Sources */,
				D334316E4711F81779136FC1 /* ProcessorDecOpCode.cpp in Sources */,
				D3343EC1B335BEDBD23143D8 /* VirtualRegister.cpp in Sources */,
				D334379A67309214ECE7E1E0 /* VirtualRegisterBinding.cpp in Sources */,
				D334381F4F7506B4F3BAF7ED /* VirtualRegisterStage.cpp in Sources */,
				D3343BE99D813B8E55CD0D4E /* OsxRegisters.cpp in Sources */,
				D33434D9A27E5B23918A62A1 /* VirtualRegisterCheckout.cpp in Sources */,
				D334301A8DD15AD54626400A /* ProcessorPushOpCode.cpp in Sources */,
				D3343CF426DA46519B1F69E5 /* ProcessorPopOpCode.cpp in Sources */,
				D334364239E9103E368E59B9 /* ProcessorRegToRegMovOp.cpp in Sources */,
			);
			runOnlyForDeploymentPostprocessing = 0;
		};
/* End PBXSourcesBuildPhase section */

/* Begin XCBuildConfiguration section */
		F1577136198A97C2005DAB3E /* Debug */ = {
			isa = XCBuildConfiguration;
			buildSettings = {
				ALWAYS_SEARCH_USER_PATHS = NO;
				CLANG_CXX_LANGUAGE_STANDARD = "gnu++0x";
				CLANG_CXX_LIBRARY = "libc++";
				CLANG_ENABLE_MODULES = YES;
				CLANG_ENABLE_OBJC_ARC = YES;
				CLANG_WARN_BOOL_CONVERSION = YES;
				CLANG_WARN_CONSTANT_CONVERSION = YES;
				CLANG_WARN_DIRECT_OBJC_ISA_USAGE = YES_ERROR;
				CLANG_WARN_EMPTY_BODY = YES;
				CLANG_WARN_ENUM_CONVERSION = YES;
				CLANG_WARN_INT_CONVERSION = YES;
				CLANG_WARN_OBJC_ROOT_CLASS = YES_ERROR;
				CLANG_WARN__DUPLICATE_METHOD_MATCH = YES;
				COPY_PHASE_STRIP = NO;
				GCC_C_LANGUAGE_STANDARD = gnu99;
				GCC_DYNAMIC_NO_PIC = NO;
				GCC_ENABLE_OBJC_EXCEPTIONS = YES;
				GCC_OPTIMIZATION_LEVEL = 0;
				GCC_PREPROCESSOR_DEFINITIONS = (
					"DEBUG=1",
					"$(inherited)",
				);
				GCC_SYMBOLS_PRIVATE_EXTERN = NO;
				GCC_WARN_64_TO_32_BIT_CONVERSION = YES;
				GCC_WARN_ABOUT_RETURN_TYPE = YES_ERROR;
				GCC_WARN_UNDECLARED_SELECTOR = YES;
				GCC_WARN_UNINITIALIZED_AUTOS = YES_AGGRESSIVE;
				GCC_WARN_UNUSED_FUNCTION = YES;
				GCC_WARN_UNUSED_VARIABLE = YES;
				MACOSX_DEPLOYMENT_TARGET = 10.10;
				ONLY_ACTIVE_ARCH = YES;
				SDKROOT = macosx;
			};
			name = Debug;
		};
		F1577137198A97C2005DAB3E /* Release */ = {
			isa = XCBuildConfiguration;
			buildSettings = {
				ALWAYS_SEARCH_USER_PATHS = NO;
				CLANG_CXX_LANGUAGE_STANDARD = "gnu++0x";
				CLANG_CXX_LIBRARY = "libc++";
				CLANG_ENABLE_MODULES = YES;
				CLANG_ENABLE_OBJC_ARC = YES;
				CLANG_WARN_BOOL_CONVERSION = YES;
				CLANG_WARN_CONSTANT_CONVERSION = YES;
				CLANG_WARN_DIRECT_OBJC_ISA_USAGE = YES_ERROR;
				CLANG_WARN_EMPTY_BODY = YES;
				CLANG_WARN_ENUM_CONVERSION = YES;
				CLANG_WARN_INT_CONVERSION = YES;
				CLANG_WARN_OBJC_ROOT_CLASS = YES_ERROR;
				CLANG_WARN__DUPLICATE_METHOD_MATCH = YES;
				COPY_PHASE_STRIP = YES;
				DEBUG_INFORMATION_FORMAT = "dwarf-with-dsym";
				ENABLE_NS_ASSERTIONS = NO;
				GCC_C_LANGUAGE_STANDARD = gnu99;
				GCC_ENABLE_OBJC_EXCEPTIONS = YES;
				GCC_WARN_64_TO_32_BIT_CONVERSION = YES;
				GCC_WARN_ABOUT_RETURN_TYPE = YES_ERROR;
				GCC_WARN_UNDECLARED_SELECTOR = YES;
				GCC_WARN_UNINITIALIZED_AUTOS = YES_AGGRESSIVE;
				GCC_WARN_UNUSED_FUNCTION = YES;
				GCC_WARN_UNUSED_VARIABLE = YES;
				MACOSX_DEPLOYMENT_TARGET = 10.10;
				SDKROOT = macosx;
			};
			name = Release;
		};
		F1577139198A97C2005DAB3E /* Debug */ = {
			isa = XCBuildConfiguration;
			buildSettings = {
				PRODUCT_NAME = "$(TARGET_NAME)";
			};
			name = Debug;
		};
		F157713A198A97C2005DAB3E /* Release */ = {
			isa = XCBuildConfiguration;
			buildSettings = {
				PRODUCT_NAME = "$(TARGET_NAME)";
			};
			name = Release;
		};
/* End XCBuildConfiguration section */

/* Begin XCConfigurationList section */
		F157712A198A97C2005DAB3E /* Build configuration list for PBXProject "VerbOS" */ = {
			isa = XCConfigurationList;
			buildConfigurations = (
				F1577136198A97C2005DAB3E /* Debug */,
				F1577137198A97C2005DAB3E /* Release */,
			);
			defaultConfigurationIsVisible = 0;
			defaultConfigurationName = Release;
		};
		F1577138198A97C2005DAB3E /* Build configuration list for PBXNativeTarget "VerbOS" */ = {
			isa = XCConfigurationList;
			buildConfigurations = (
				F1577139198A97C2005DAB3E /* Debug */,
				F157713A198A97C2005DAB3E /* Release */,
			);
			defaultConfigurationIsVisible = 0;
		};
/* End XCConfigurationList section */
	};
	rootObject = F1577127198A97C2005DAB3E /* Project object */;
}
