// !$*UTF8*$!
{
	archiveVersion = 1;
	classes = {
	};
	objectVersion = 46;
	objects = {

/* Begin PBXBuildFile section */
		F1577133198A97C2005DAB3E /* main.cpp in Sources */ = {isa = PBXBuildFile; fileRef = F1577132198A97C2005DAB3E /* main.cpp */; };
		F1577135198A97C2005DAB3E /* VerbOS.1 in CopyFiles */ = {isa = PBXBuildFile; fileRef = F1577134198A97C2005DAB3E /* VerbOS.1 */; };
/* End PBXBuildFile section */

/* Begin PBXCopyFilesBuildPhase section */
		F157712D198A97C2005DAB3E /* CopyFiles */ = {
			isa = PBXCopyFilesBuildPhase;
			buildActionMask = 2147483647;
			dstPath = /usr/share/man/man1/;
			dstSubfolderSpec = 0;
			files = (
				F1577135198A97C2005DAB3E /* VerbOS.1 in CopyFiles */,
			);
			runOnlyForDeploymentPostprocessing = 1;
		};
/* End PBXCopyFilesBuildPhase section */

/* Begin PBXFileReference section */
		F157712F198A97C2005DAB3E /* VerbOS */ = {isa = PBXFileReference; explicitFileType = "compiled.mach-o.executable"; includeInIndex = 0; path = VerbOS; sourceTree = BUILT_PRODUCTS_DIR; };
		F1577132198A97C2005DAB3E /* main.cpp */ = {isa = PBXFileReference; lastKnownFileType = sourcecode.cpp.cpp; path = main.cpp; sourceTree = "<group>"; };
		F1577134198A97C2005DAB3E /* VerbOS.1 */ = {isa = PBXFileReference; lastKnownFileType = text.man; path = VerbOS.1; sourceTree = "<group>"; };
/* End PBXFileReference section */

/* Begin PBXFrameworksBuildPhase section */
		F157712C198A97C2005DAB3E /* Frameworks */ = {
			isa = PBXFrameworksBuildPhase;
			buildActionMask = 2147483647;
			files = (
			);
			runOnlyForDeploymentPostprocessing = 0;
		};
/* End PBXFrameworksBuildPhase section */

/* Begin PBXGroup section */
		F1577126198A97C2005DAB3E = {
			isa = PBXGroup;
			children = (
				F1577131198A97C2005DAB3E /* VerbOS */,
				F1577130198A97C2005DAB3E /* Products */,
			);
			sourceTree = "<group>";
		};
		F1577130198A97C2005DAB3E /* Products */ = {
			isa = PBXGroup;
			children = (
				F157712F198A97C2005DAB3E /* VerbOS */,
			);
			name = Products;
			sourceTree = "<group>";
		};
		F1577131198A97C2005DAB3E /* VerbOS */ = {
			isa = PBXGroup;
			children = (
				F1577132198A97C2005DAB3E /* main.cpp */,
				F1577134198A97C2005DAB3E /* VerbOS.1 */,
			);
			path = VerbOS;
			sourceTree = "<group>";
		};
/* End PBXGroup section */

/* Begin PBXNativeTarget section */
		F157712E198A97C2005DAB3E /* VerbOS */ = {
			isa = PBXNativeTarget;
			buildConfigurationList = F1577138198A97C2005DAB3E /* Build configuration list for PBXNativeTarget "VerbOS" */;
			buildPhases = (
				F157712B198A97C2005DAB3E /* Sources */,
				F157712C198A97C2005DAB3E /* Frameworks */,
				F157712D198A97C2005DAB3E /* CopyFiles */,
			);
			buildRules = (
			);
			dependencies = (
			);
			name = VerbOS;
			productName = VerbOS;
			productReference = F157712F198A97C2005DAB3E /* VerbOS */;
			productType = "com.apple.product-type.tool";
		};
/* End PBXNativeTarget section */

/* Begin PBXProject section */
		F1577127198A97C2005DAB3E /* Project object */ = {
			isa = PBXProject;
			attributes = {
				LastUpgradeCheck = 0510;
				ORGANIZATIONNAME = "Reuben Kuhnert";
			};
			buildConfigurationList = F157712A198A97C2005DAB3E /* Build configuration list for PBXProject "VerbOS" */;
			compatibilityVersion = "Xcode 3.2";
			developmentRegion = English;
			hasScannedForEncodings = 0;
			knownRegions = (
				en,
			);
			mainGroup = F1577126198A97C2005DAB3E;
			productRefGroup = F1577130198A97C2005DAB3E /* Products */;
			projectDirPath = "";
			projectRoot = "";
			targets = (
				F157712E198A97C2005DAB3E /* VerbOS */,
			);
		};
/* End PBXProject section */

/* Begin PBXSourcesBuildPhase section */
		F157712B198A97C2005DAB3E /* Sources */ = {
			isa = PBXSourcesBuildPhase;
			buildActionMask = 2147483647;
			files = (
				F1577133198A97C2005DAB3E /* main.cpp in Sources */,
			);
			runOnlyForDeploymentPostprocessing = 0;
		};
/* End PBXSourcesBuildPhase section */

/* Begin XCBuildConfiguration section */
		F1577136198A97C2005DAB3E /* Debug */ = {
			isa = XCBuildConfiguration;
			buildSettings = {
				ALWAYS_SEARCH_USER_PATHS = NO;
				CLANG_CXX_LANGUAGE_STANDARD = "gnu++0x";
				CLANG_CXX_LIBRARY = "libc++";
				CLANG_ENABLE_MODULES = YES;
				CLANG_ENABLE_OBJC_ARC = YES;
				CLANG_WARN_BOOL_CONVERSION = YES;
				CLANG_WARN_CONSTANT_CONVERSION = YES;
				CLANG_WARN_DIRECT_OBJC_ISA_USAGE = YES_ERROR;
				CLANG_WARN_EMPTY_BODY = YES;
				CLANG_WARN_ENUM_CONVERSION = YES;
				CLANG_WARN_INT_CONVERSION = YES;
				CLANG_WARN_OBJC_ROOT_CLASS = YES_ERROR;
				CLANG_WARN__DUPLICATE_METHOD_MATCH = YES;
				COPY_PHASE_STRIP = NO;
				GCC_C_LANGUAGE_STANDARD = gnu99;
				GCC_DYNAMIC_NO_PIC = NO;
				GCC_ENABLE_OBJC_EXCEPTIONS = YES;
				GCC_OPTIMIZATION_LEVEL = 0;
				GCC_PREPROCESSOR_DEFINITIONS = (
					"DEBUG=1",
					"$(inherited)",
				);
				GCC_SYMBOLS_PRIVATE_EXTERN = NO;
				GCC_WARN_64_TO_32_BIT_CONVERSION = YES;
				GCC_WARN_ABOUT_RETURN_TYPE = YES_ERROR;
				GCC_WARN_UNDECLARED_SELECTOR = YES;
				GCC_WARN_UNINITIALIZED_AUTOS = YES_AGGRESSIVE;
				GCC_WARN_UNUSED_FUNCTION = YES;
				GCC_WARN_UNUSED_VARIABLE = YES;
				MACOSX_DEPLOYMENT_TARGET = 10.10;
				ONLY_ACTIVE_ARCH = YES;
				SDKROOT = macosx;
			};
			name = Debug;
		};
		F1577137198A97C2005DAB3E /* Release */ = {
			isa = XCBuildConfiguration;
			buildSettings = {
				ALWAYS_SEARCH_USER_PATHS = NO;
				CLANG_CXX_LANGUAGE_STANDARD = "gnu++0x";
				CLANG_CXX_LIBRARY = "libc++";
				CLANG_ENABLE_MODULES = YES;
				CLANG_ENABLE_OBJC_ARC = YES;
				CLANG_WARN_BOOL_CONVERSION = YES;
				CLANG_WARN_CONSTANT_CONVERSION = YES;
				CLANG_WARN_DIRECT_OBJC_ISA_USAGE = YES_ERROR;
				CLANG_WARN_EMPTY_BODY = YES;
				CLANG_WARN_ENUM_CONVERSION = YES;
				CLANG_WARN_INT_CONVERSION = YES;
				CLANG_WARN_OBJC_ROOT_CLASS = YES_ERROR;
				CLANG_WARN__DUPLICATE_METHOD_MATCH = YES;
				COPY_PHASE_STRIP = YES;
				DEBUG_INFORMATION_FORMAT = "dwarf-with-dsym";
				ENABLE_NS_ASSERTIONS = NO;
				GCC_C_LANGUAGE_STANDARD = gnu99;
				GCC_ENABLE_OBJC_EXCEPTIONS = YES;
				GCC_WARN_64_TO_32_BIT_CONVERSION = YES;
				GCC_WARN_ABOUT_RETURN_TYPE = YES_ERROR;
				GCC_WARN_UNDECLARED_SELECTOR = YES;
				GCC_WARN_UNINITIALIZED_AUTOS = YES_AGGRESSIVE;
				GCC_WARN_UNUSED_FUNCTION = YES;
				GCC_WARN_UNUSED_VARIABLE = YES;
				MACOSX_DEPLOYMENT_TARGET = 10.10;
				SDKROOT = macosx;
			};
			name = Release;
		};
		F1577139198A97C2005DAB3E /* Debug */ = {
			isa = XCBuildConfiguration;
			buildSettings = {
				PRODUCT_NAME = "$(TARGET_NAME)";
			};
			name = Debug;
		};
		F157713A198A97C2005DAB3E /* Release */ = {
			isa = XCBuildConfiguration;
			buildSettings = {
				PRODUCT_NAME = "$(TARGET_NAME)";
			};
			name = Release;
		};
/* End XCBuildConfiguration section */

/* Begin XCConfigurationList section */
		F157712A198A97C2005DAB3E /* Build configuration list for PBXProject "VerbOS" */ = {
			isa = XCConfigurationList;
			buildConfigurations = (
				F1577136198A97C2005DAB3E /* Debug */,
				F1577137198A97C2005DAB3E /* Release */,
			);
			defaultConfigurationIsVisible = 0;
			defaultConfigurationName = Release;
		};
		F1577138198A97C2005DAB3E /* Build configuration list for PBXNativeTarget "VerbOS" */ = {
			isa = XCConfigurationList;
			buildConfigurations = (
				F1577139198A97C2005DAB3E /* Debug */,
				F157713A198A97C2005DAB3E /* Release */,
			);
			defaultConfigurationIsVisible = 0;
		};
/* End XCConfigurationList section */
	};
	rootObject = F1577127198A97C2005DAB3E /* Project object */;
}
